// !$*UTF8*$!
{
	archiveVersion = 1;
	classes = {
	};
	objectVersion = 46;
	objects = {

/* Begin PBXBuildFile section */
		7EDA53941893A0540050EF06 /* Foundation.framework in Frameworks */ = {isa = PBXBuildFile; fileRef = 7EDA53931893A0540050EF06 /* Foundation.framework */; };
		7EDA53961893A0540050EF06 /* CoreGraphics.framework in Frameworks */ = {isa = PBXBuildFile; fileRef = 7EDA53951893A0540050EF06 /* CoreGraphics.framework */; };
		7EDA53981893A0540050EF06 /* UIKit.framework in Frameworks */ = {isa = PBXBuildFile; fileRef = 7EDA53971893A0540050EF06 /* UIKit.framework */; };
		7EDA539E1893A0540050EF06 /* InfoPlist.strings in Resources */ = {isa = PBXBuildFile; fileRef = 7EDA539C1893A0540050EF06 /* InfoPlist.strings */; };
		7EDA53A01893A0540050EF06 /* main.m in Sources */ = {isa = PBXBuildFile; fileRef = 7EDA539F1893A0540050EF06 /* main.m */; };
		7EDA53A41893A0540050EF06 /* CasaAppDelegate.m in Sources */ = {isa = PBXBuildFile; fileRef = 7EDA53A31893A0540050EF06 /* CasaAppDelegate.m */; };
		7EDA53A61893A0540050EF06 /* Images.xcassets in Resources */ = {isa = PBXBuildFile; fileRef = 7EDA53A51893A0540050EF06 /* Images.xcassets */; };
		7EDA53AD1893A0540050EF06 /* XCTest.framework in Frameworks */ = {isa = PBXBuildFile; fileRef = 7EDA53AC1893A0540050EF06 /* XCTest.framework */; };
		7EDA53AE1893A0540050EF06 /* Foundation.framework in Frameworks */ = {isa = PBXBuildFile; fileRef = 7EDA53931893A0540050EF06 /* Foundation.framework */; };
		7EDA53AF1893A0540050EF06 /* UIKit.framework in Frameworks */ = {isa = PBXBuildFile; fileRef = 7EDA53971893A0540050EF06 /* UIKit.framework */; };
		7EDA53B71893A0540050EF06 /* InfoPlist.strings in Resources */ = {isa = PBXBuildFile; fileRef = 7EDA53B51893A0540050EF06 /* InfoPlist.strings */; };
		7EDA53B91893A0540050EF06 /* CasaTests.m in Sources */ = {isa = PBXBuildFile; fileRef = 7EDA53B81893A0540050EF06 /* CasaTests.m */; };
		7EDA53C41893A92D0050EF06 /* Main.storyboard in Resources */ = {isa = PBXBuildFile; fileRef = 7EDA53C31893A92D0050EF06 /* Main.storyboard */; };
		7EDA53C71893A9A40050EF06 /* RootViewController.m in Sources */ = {isa = PBXBuildFile; fileRef = 7EDA53C61893A9A40050EF06 /* RootViewController.m */; };
		7EDA53CF1893AA1C0050EF06 /* RECommonFunctions.m in Sources */ = {isa = PBXBuildFile; fileRef = 7EDA53CA1893AA1C0050EF06 /* RECommonFunctions.m */; };
		7EDA53D01893AA1C0050EF06 /* RESideMenu.m in Sources */ = {isa = PBXBuildFile; fileRef = 7EDA53CC1893AA1C0050EF06 /* RESideMenu.m */; };
		7EDA53D11893AA1C0050EF06 /* UIViewController+RESideMenu.m in Sources */ = {isa = PBXBuildFile; fileRef = 7EDA53CE1893AA1C0050EF06 /* UIViewController+RESideMenu.m */; };
		7EDA53D41893AB320050EF06 /* MenuViewController.m in Sources */ = {isa = PBXBuildFile; fileRef = 7EDA53D31893AB320050EF06 /* MenuViewController.m */; };
		7EDA53D91893B3810050EF06 /* PayRentViewController.m in Sources */ = {isa = PBXBuildFile; fileRef = 7EDA53D81893B3810050EF06 /* PayRentViewController.m */; };
		7EDA53DC1893B3920050EF06 /* MaintainenceViewController.m in Sources */ = {isa = PBXBuildFile; fileRef = 7EDA53DB1893B3920050EF06 /* MaintainenceViewController.m */; };
		7EDA541C1893B4590050EF06 /* app-icon-120.png in Resources */ = {isa = PBXBuildFile; fileRef = 7EDA53E11893B4590050EF06 /* app-icon-120.png */; };
		7EDA541D1893B4590050EF06 /* app-icon-58.png in Resources */ = {isa = PBXBuildFile; fileRef = 7EDA53E21893B4590050EF06 /* app-icon-58.png */; };
		7EDA541E1893B4590050EF06 /* app-icon-80.png in Resources */ = {isa = PBXBuildFile; fileRef = 7EDA53E31893B4590050EF06 /* app-icon-80.png */; };
		7EDA541F1893B4590050EF06 /* background@2x.png in Resources */ = {isa = PBXBuildFile; fileRef = 7EDA53E41893B4590050EF06 /* background@2x.png */; };
		7EDA54201893B4590050EF06 /* dots.png in Resources */ = {isa = PBXBuildFile; fileRef = 7EDA53E51893B4590050EF06 /* dots.png */; };
		7EDA54211893B4590050EF06 /* dots@2x.png in Resources */ = {isa = PBXBuildFile; fileRef = 7EDA53E61893B4590050EF06 /* dots@2x.png */; };
		7EDA54221893B4590050EF06 /* explore.png in Resources */ = {isa = PBXBuildFile; fileRef = 7EDA53E71893B4590050EF06 /* explore.png */; };
		7EDA54231893B4590050EF06 /* explore@2x.png in Resources */ = {isa = PBXBuildFile; fileRef = 7EDA53E81893B4590050EF06 /* explore@2x.png */; };
		7EDA54241893B4590050EF06 /* hate.png in Resources */ = {isa = PBXBuildFile; fileRef = 7EDA53E91893B4590050EF06 /* hate.png */; };
		7EDA54251893B4590050EF06 /* hate@2x.png in Resources */ = {isa = PBXBuildFile; fileRef = 7EDA53EA1893B4590050EF06 /* hate@2x.png */; };
		7EDA54261893B4590050EF06 /* hate_pressed.png in Resources */ = {isa = PBXBuildFile; fileRef = 7EDA53EB1893B4590050EF06 /* hate_pressed.png */; };
		7EDA54271893B4590050EF06 /* hate_pressed@2x.png in Resources */ = {isa = PBXBuildFile; fileRef = 7EDA53EC1893B4590050EF06 /* hate_pressed@2x.png */; };
		7EDA54281893B4590050EF06 /* Default-568h@2x.png in Resources */ = {isa = PBXBuildFile; fileRef = 7EDA53EE1893B4590050EF06 /* Default-568h@2x.png */; };
		7EDA54291893B4590050EF06 /* Default@2x.png in Resources */ = {isa = PBXBuildFile; fileRef = 7EDA53EF1893B4590050EF06 /* Default@2x.png */; };
		7EDA542A1893B4590050EF06 /* like.png in Resources */ = {isa = PBXBuildFile; fileRef = 7EDA53F01893B4590050EF06 /* like.png */; };
		7EDA542B1893B4590050EF06 /* like@2x.png in Resources */ = {isa = PBXBuildFile; fileRef = 7EDA53F11893B4590050EF06 /* like@2x.png */; };
		7EDA542C1893B4590050EF06 /* like_pressed.png in Resources */ = {isa = PBXBuildFile; fileRef = 7EDA53F21893B4590050EF06 /* like_pressed.png */; };
		7EDA542D1893B4590050EF06 /* like_pressed@2x.png in Resources */ = {isa = PBXBuildFile; fileRef = 7EDA53F31893B4590050EF06 /* like_pressed@2x.png */; };
		7EDA542E1893B4590050EF06 /* nav.png in Resources */ = {isa = PBXBuildFile; fileRef = 7EDA53F41893B4590050EF06 /* nav.png */; };
		7EDA542F1893B4590050EF06 /* nav@2x.png in Resources */ = {isa = PBXBuildFile; fileRef = 7EDA53F51893B4590050EF06 /* nav@2x.png */; };
		7EDA54301893B4590050EF06 /* navbar_title_email.png in Resources */ = {isa = PBXBuildFile; fileRef = 7EDA53F71893B4590050EF06 /* navbar_title_email.png */; };
		7EDA54311893B4590050EF06 /* navbar_title_email@2x.png in Resources */ = {isa = PBXBuildFile; fileRef = 7EDA53F81893B4590050EF06 /* navbar_title_email@2x.png */; };
		7EDA54321893B4590050EF06 /* navbar_title_gadgets.png in Resources */ = {isa = PBXBuildFile; fileRef = 7EDA53F91893B4590050EF06 /* navbar_title_gadgets.png */; };
		7EDA54331893B4590050EF06 /* navbar_title_gadgets@2x.png in Resources */ = {isa = PBXBuildFile; fileRef = 7EDA53FA1893B4590050EF06 /* navbar_title_gadgets@2x.png */; };
		7EDA54341893B4590050EF06 /* navbar_title_home.png in Resources */ = {isa = PBXBuildFile; fileRef = 7EDA53FB1893B4590050EF06 /* navbar_title_home.png */; };
		7EDA54351893B4590050EF06 /* navbar_title_home@2x.png in Resources */ = {isa = PBXBuildFile; fileRef = 7EDA53FC1893B4590050EF06 /* navbar_title_home@2x.png */; };
		7EDA54361893B4590050EF06 /* navbar_title_name.png in Resources */ = {isa = PBXBuildFile; fileRef = 7EDA53FD1893B4590050EF06 /* navbar_title_name.png */; };
		7EDA54371893B4590050EF06 /* navbar_title_name@2x.png in Resources */ = {isa = PBXBuildFile; fileRef = 7EDA53FE1893B4590050EF06 /* navbar_title_name@2x.png */; };
		7EDA54381893B4590050EF06 /* navbar_title_outdoors.png in Resources */ = {isa = PBXBuildFile; fileRef = 7EDA53FF1893B4590050EF06 /* navbar_title_outdoors.png */; };
		7EDA54391893B4590050EF06 /* navbar_title_outdoors@2x.png in Resources */ = {isa = PBXBuildFile; fileRef = 7EDA54001893B4590050EF06 /* navbar_title_outdoors@2x.png */; };
		7EDA543A1893B4590050EF06 /* navbar_title_profile.png in Resources */ = {isa = PBXBuildFile; fileRef = 7EDA54011893B4590050EF06 /* navbar_title_profile.png */; };
		7EDA543B1893B4590050EF06 /* navbar_title_profile@2x.png in Resources */ = {isa = PBXBuildFile; fileRef = 7EDA54021893B4590050EF06 /* navbar_title_profile@2x.png */; };
		7EDA543C1893B4590050EF06 /* navbar_title_search.png in Resources */ = {isa = PBXBuildFile; fileRef = 7EDA54031893B4590050EF06 /* navbar_title_search.png */; };
		7EDA543D1893B4590050EF06 /* navbar_title_search@2x.png in Resources */ = {isa = PBXBuildFile; fileRef = 7EDA54041893B4590050EF06 /* navbar_title_search@2x.png */; };
		7EDA543E1893B4590050EF06 /* navbar_title_settings.png in Resources */ = {isa = PBXBuildFile; fileRef = 7EDA54051893B4590050EF06 /* navbar_title_settings.png */; };
		7EDA543F1893B4590050EF06 /* navbar_title_settings@2x.png in Resources */ = {isa = PBXBuildFile; fileRef = 7EDA54061893B4590050EF06 /* navbar_title_settings@2x.png */; };
		7EDA54401893B4590050EF06 /* navbar_title_spruce.png in Resources */ = {isa = PBXBuildFile; fileRef = 7EDA54071893B4590050EF06 /* navbar_title_spruce.png */; };
		7EDA54411893B4590050EF06 /* navbar_title_spruce@2x.png in Resources */ = {isa = PBXBuildFile; fileRef = 7EDA54081893B4590050EF06 /* navbar_title_spruce@2x.png */; };
		7EDA54421893B4590050EF06 /* navbar_title_trending.png in Resources */ = {isa = PBXBuildFile; fileRef = 7EDA54091893B4590050EF06 /* navbar_title_trending.png */; };
		7EDA54431893B4590050EF06 /* navbar_title_trending@2x.png in Resources */ = {isa = PBXBuildFile; fileRef = 7EDA540A1893B4590050EF06 /* navbar_title_trending@2x.png */; };
		7EDA54441893B4590050EF06 /* navbar_title_vehicles.png in Resources */ = {isa = PBXBuildFile; fileRef = 7EDA540B1893B4590050EF06 /* navbar_title_vehicles.png */; };
		7EDA54451893B4590050EF06 /* navbar_title_vehicles@2x.png in Resources */ = {isa = PBXBuildFile; fileRef = 7EDA540C1893B4590050EF06 /* navbar_title_vehicles@2x.png */; };
		7EDA54461893B4590050EF06 /* no-more-products.png in Resources */ = {isa = PBXBuildFile; fileRef = 7EDA540D1893B4590050EF06 /* no-more-products.png */; };
		7EDA54471893B4590050EF06 /* no-more-products@2x.png in Resources */ = {isa = PBXBuildFile; fileRef = 7EDA540E1893B4590050EF06 /* no-more-products@2x.png */; };
		7EDA54481893B4590050EF06 /* product_bg@2x.png in Resources */ = {isa = PBXBuildFile; fileRef = 7EDA540F1893B4590050EF06 /* product_bg@2x.png */; };
		7EDA54491893B4590050EF06 /* profile.png in Resources */ = {isa = PBXBuildFile; fileRef = 7EDA54101893B4590050EF06 /* profile.png */; };
		7EDA544A1893B4590050EF06 /* profile@2x.png in Resources */ = {isa = PBXBuildFile; fileRef = 7EDA54111893B4590050EF06 /* profile@2x.png */; };
		7EDA544B1893B4590050EF06 /* save.png in Resources */ = {isa = PBXBuildFile; fileRef = 7EDA54121893B4590050EF06 /* save.png */; };
		7EDA544C1893B4590050EF06 /* save@2x.png in Resources */ = {isa = PBXBuildFile; fileRef = 7EDA54131893B4590050EF06 /* save@2x.png */; };
		7EDA544D1893B4590050EF06 /* save_pressed.png in Resources */ = {isa = PBXBuildFile; fileRef = 7EDA54141893B4590050EF06 /* save_pressed.png */; };
		7EDA544E1893B4590050EF06 /* save_pressed@2x.png in Resources */ = {isa = PBXBuildFile; fileRef = 7EDA54151893B4590050EF06 /* save_pressed@2x.png */; };
		7EDA544F1893B4590050EF06 /* search.png in Resources */ = {isa = PBXBuildFile; fileRef = 7EDA54161893B4590050EF06 /* search.png */; };
		7EDA54501893B4590050EF06 /* search@2x.png in Resources */ = {isa = PBXBuildFile; fileRef = 7EDA54171893B4590050EF06 /* search@2x.png */; };
		7EDA54511893B4590050EF06 /* settings.png in Resources */ = {isa = PBXBuildFile; fileRef = 7EDA54181893B4590050EF06 /* settings.png */; };
		7EDA54521893B4590050EF06 /* settings@2x.png in Resources */ = {isa = PBXBuildFile; fileRef = 7EDA54191893B4590050EF06 /* settings@2x.png */; };
		7EDA54531893B4590050EF06 /* spruce.png in Resources */ = {isa = PBXBuildFile; fileRef = 7EDA541A1893B4590050EF06 /* spruce.png */; };
		7EDA54541893B4590050EF06 /* spruce@2x.png in Resources */ = {isa = PBXBuildFile; fileRef = 7EDA541B1893B4590050EF06 /* spruce@2x.png */; };
		7EDA54561893BAC30050EF06 /* background.png in Resources */ = {isa = PBXBuildFile; fileRef = 7EDA54551893BAC30050EF06 /* background.png */; };
		7EDA545B189432390050EF06 /* DirectoryViewController.m in Sources */ = {isa = PBXBuildFile; fileRef = 7EDA545A189432390050EF06 /* DirectoryViewController.m */; };
		7EDA54611894366F0050EF06 /* MyCasaViewController.m in Sources */ = {isa = PBXBuildFile; fileRef = 7EDA54601894366F0050EF06 /* MyCasaViewController.m */; };
		7EDA54641894465F0050EF06 /* PaymentDetailViewController.m in Sources */ = {isa = PBXBuildFile; fileRef = 7EDA54631894465F0050EF06 /* PaymentDetailViewController.m */; };
		7EDA546718944E8A0050EF06 /* SubmitIssueViewController.m in Sources */ = {isa = PBXBuildFile; fileRef = 7EDA546618944E8A0050EF06 /* SubmitIssueViewController.m */; };
		7EDA5469189475F50050EF06 /* Parse.framework in Frameworks */ = {isa = PBXBuildFile; fileRef = 7EDA5468189475F50050EF06 /* Parse.framework */; };
		7EDA546B1894763C0050EF06 /* AudioToolbox.framework in Frameworks */ = {isa = PBXBuildFile; fileRef = 7EDA546A1894763C0050EF06 /* AudioToolbox.framework */; };
		7EDA546D189476470050EF06 /* CFNetwork.framework in Frameworks */ = {isa = PBXBuildFile; fileRef = 7EDA546C189476470050EF06 /* CFNetwork.framework */; };
		7EDA546F189476540050EF06 /* CoreLocation.framework in Frameworks */ = {isa = PBXBuildFile; fileRef = 7EDA546E189476540050EF06 /* CoreLocation.framework */; };
		7EDA54711894765B0050EF06 /* libz.dylib in Frameworks */ = {isa = PBXBuildFile; fileRef = 7EDA54701894765B0050EF06 /* libz.dylib */; };
		7EDA5473189476620050EF06 /* MobileCoreServices.framework in Frameworks */ = {isa = PBXBuildFile; fileRef = 7EDA5472189476620050EF06 /* MobileCoreServices.framework */; };
		7EDA5475189476680050EF06 /* QuartzCore.framework in Frameworks */ = {isa = PBXBuildFile; fileRef = 7EDA5474189476680050EF06 /* QuartzCore.framework */; };
		7EDA54771894766D0050EF06 /* Security.framework in Frameworks */ = {isa = PBXBuildFile; fileRef = 7EDA54761894766D0050EF06 /* Security.framework */; };
		7EDA5479189476720050EF06 /* StoreKit.framework in Frameworks */ = {isa = PBXBuildFile; fileRef = 7EDA5478189476720050EF06 /* StoreKit.framework */; };
		7EDA547B1894767F0050EF06 /* SystemConfiguration.framework in Frameworks */ = {isa = PBXBuildFile; fileRef = 7EDA547A1894767F0050EF06 /* SystemConfiguration.framework */; };
		7EDA547F1894A4D40050EF06 /* ImageIO.framework in Frameworks */ = {isa = PBXBuildFile; fileRef = 7EDA547E1894A4D40050EF06 /* ImageIO.framework */; };
		7EDA54901894AA330050EF06 /* ArUEPh5Y7l.png in Resources */ = {isa = PBXBuildFile; fileRef = 7EDA54851894AA330050EF06 /* ArUEPh5Y7l.png */; };
		7EDA54911894AA330050EF06 /* ffVuxfSZBb.png in Resources */ = {isa = PBXBuildFile; fileRef = 7EDA54861894AA330050EF06 /* ffVuxfSZBb.png */; };
		7EDA54921894AA330050EF06 /* hqCkR94XaM.png in Resources */ = {isa = PBXBuildFile; fileRef = 7EDA54871894AA330050EF06 /* hqCkR94XaM.png */; };
		7EDA54931894AA330050EF06 /* lmUFj6KW5o.png in Resources */ = {isa = PBXBuildFile; fileRef = 7EDA54881894AA330050EF06 /* lmUFj6KW5o.png */; };
		7EDA54941894AA330050EF06 /* lvJIVkTG4y.png in Resources */ = {isa = PBXBuildFile; fileRef = 7EDA54891894AA330050EF06 /* lvJIVkTG4y.png */; };
		7EDA54951894AA330050EF06 /* NZnxUsn7h4.png in Resources */ = {isa = PBXBuildFile; fileRef = 7EDA548A1894AA330050EF06 /* NZnxUsn7h4.png */; };
		7EDA54961894AA330050EF06 /* OXpbjDusN8.png in Resources */ = {isa = PBXBuildFile; fileRef = 7EDA548B1894AA330050EF06 /* OXpbjDusN8.png */; };
		7EDA54981894AA330050EF06 /* tHtP9ahJ8S.png in Resources */ = {isa = PBXBuildFile; fileRef = 7EDA548D1894AA330050EF06 /* tHtP9ahJ8S.png */; };
		7EDA54991894AA330050EF06 /* xlFCyOZQKp.png in Resources */ = {isa = PBXBuildFile; fileRef = 7EDA548E1894AA330050EF06 /* xlFCyOZQKp.png */; };
		7EDA549A1894AA330050EF06 /* YpfunAjSDS.png in Resources */ = {isa = PBXBuildFile; fileRef = 7EDA548F1894AA330050EF06 /* YpfunAjSDS.png */; };
		7EDA549C1894AAF20050EF06 /* cljAmAgxhw.png in Resources */ = {isa = PBXBuildFile; fileRef = 7EDA549B1894AAF20050EF06 /* cljAmAgxhw.png */; };
		7EDA549F1894B0AB0050EF06 /* MBProgressHUD.m in Sources */ = {isa = PBXBuildFile; fileRef = 7EDA549E1894B0AB0050EF06 /* MBProgressHUD.m */; };
		7EDA54A11894CDBD0050EF06 /* apartment.png in Resources */ = {isa = PBXBuildFile; fileRef = 7EDA54A01894CDBD0050EF06 /* apartment.png */; };
		7EDA54A71894DAB80050EF06 /* houseparty.png in Resources */ = {isa = PBXBuildFile; fileRef = 7EDA54A21894DAB80050EF06 /* houseparty.png */; };
		7EDA54A81894DAB80050EF06 /* lost_found.png in Resources */ = {isa = PBXBuildFile; fileRef = 7EDA54A31894DAB80050EF06 /* lost_found.png */; };
		7EDA54A91894DAB80050EF06 /* pool_maintain.png in Resources */ = {isa = PBXBuildFile; fileRef = 7EDA54A41894DAB80050EF06 /* pool_maintain.png */; };
		7EDA54AA1894DAB80050EF06 /* rent_due.png in Resources */ = {isa = PBXBuildFile; fileRef = 7EDA54A51894DAB80050EF06 /* rent_due.png */; };
		7EDA54AB1894DAB80050EF06 /* water_shut.png in Resources */ = {isa = PBXBuildFile; fileRef = 7EDA54A61894DAB80050EF06 /* water_shut.png */; };
		7EDA54AF1894DF5A0050EF06 /* green-dot.png in Resources */ = {isa = PBXBuildFile; fileRef = 7EDA54AC1894DF5A0050EF06 /* green-dot.png */; };
		7EDA54B01894DF5A0050EF06 /* orange-dot.png in Resources */ = {isa = PBXBuildFile; fileRef = 7EDA54AD1894DF5A0050EF06 /* orange-dot.png */; };
		7EDA54B11894DF5A0050EF06 /* red-dot.png in Resources */ = {isa = PBXBuildFile; fileRef = 7EDA54AE1894DF5A0050EF06 /* red-dot.png */; };
		7EDA54B41894E0F90050EF06 /* IssueDetailViewController.m in Sources */ = {isa = PBXBuildFile; fileRef = 7EDA54B31894E0F90050EF06 /* IssueDetailViewController.m */; };
		7EDA54B81894E1020050EF06 /* casa@2x.png in Resources */ = {isa = PBXBuildFile; fileRef = 7EDA54B51894E1020050EF06 /* casa@2x.png */; };
		7EDA54B91894E1020050EF06 /* maintenance@2x.png in Resources */ = {isa = PBXBuildFile; fileRef = 7EDA54B61894E1020050EF06 /* maintenance@2x.png */; };
		7EDA54BA1894E1020050EF06 /* rent@2x.png in Resources */ = {isa = PBXBuildFile; fileRef = 7EDA54B71894E1020050EF06 /* rent@2x.png */; };
		7EDA54BC189578380050EF06 /* landing_page@2x.png in Resources */ = {isa = PBXBuildFile; fileRef = 7EDA54BB189578380050EF06 /* landing_page@2x.png */; };
/* End PBXBuildFile section */

/* Begin PBXContainerItemProxy section */
		7EDA53B01893A0540050EF06 /* PBXContainerItemProxy */ = {
			isa = PBXContainerItemProxy;
			containerPortal = 7EDA53881893A0540050EF06 /* Project object */;
			proxyType = 1;
			remoteGlobalIDString = 7EDA538F1893A0540050EF06;
			remoteInfo = Casa;
		};
/* End PBXContainerItemProxy section */

/* Begin PBXFileReference section */
		7EDA53901893A0540050EF06 /* Casa.app */ = {isa = PBXFileReference; explicitFileType = wrapper.application; includeInIndex = 0; path = Casa.app; sourceTree = BUILT_PRODUCTS_DIR; };
		7EDA53931893A0540050EF06 /* Foundation.framework */ = {isa = PBXFileReference; lastKnownFileType = wrapper.framework; name = Foundation.framework; path = System/Library/Frameworks/Foundation.framework; sourceTree = SDKROOT; };
		7EDA53951893A0540050EF06 /* CoreGraphics.framework */ = {isa = PBXFileReference; lastKnownFileType = wrapper.framework; name = CoreGraphics.framework; path = System/Library/Frameworks/CoreGraphics.framework; sourceTree = SDKROOT; };
		7EDA53971893A0540050EF06 /* UIKit.framework */ = {isa = PBXFileReference; lastKnownFileType = wrapper.framework; name = UIKit.framework; path = System/Library/Frameworks/UIKit.framework; sourceTree = SDKROOT; };
		7EDA539B1893A0540050EF06 /* Casa-Info.plist */ = {isa = PBXFileReference; lastKnownFileType = text.plist.xml; path = "Casa-Info.plist"; sourceTree = "<group>"; };
		7EDA539D1893A0540050EF06 /* en */ = {isa = PBXFileReference; lastKnownFileType = text.plist.strings; name = en; path = en.lproj/InfoPlist.strings; sourceTree = "<group>"; };
		7EDA539F1893A0540050EF06 /* main.m */ = {isa = PBXFileReference; lastKnownFileType = sourcecode.c.objc; path = main.m; sourceTree = "<group>"; };
		7EDA53A11893A0540050EF06 /* Casa-Prefix.pch */ = {isa = PBXFileReference; lastKnownFileType = sourcecode.c.h; path = "Casa-Prefix.pch"; sourceTree = "<group>"; };
		7EDA53A21893A0540050EF06 /* CasaAppDelegate.h */ = {isa = PBXFileReference; lastKnownFileType = sourcecode.c.h; path = CasaAppDelegate.h; sourceTree = "<group>"; };
		7EDA53A31893A0540050EF06 /* CasaAppDelegate.m */ = {isa = PBXFileReference; lastKnownFileType = sourcecode.c.objc; path = CasaAppDelegate.m; sourceTree = "<group>"; };
		7EDA53A51893A0540050EF06 /* Images.xcassets */ = {isa = PBXFileReference; lastKnownFileType = folder.assetcatalog; path = Images.xcassets; sourceTree = "<group>"; };
		7EDA53AB1893A0540050EF06 /* CasaTests.xctest */ = {isa = PBXFileReference; explicitFileType = wrapper.cfbundle; includeInIndex = 0; path = CasaTests.xctest; sourceTree = BUILT_PRODUCTS_DIR; };
		7EDA53AC1893A0540050EF06 /* XCTest.framework */ = {isa = PBXFileReference; lastKnownFileType = wrapper.framework; name = XCTest.framework; path = Library/Frameworks/XCTest.framework; sourceTree = DEVELOPER_DIR; };
		7EDA53B41893A0540050EF06 /* CasaTests-Info.plist */ = {isa = PBXFileReference; lastKnownFileType = text.plist.xml; path = "CasaTests-Info.plist"; sourceTree = "<group>"; };
		7EDA53B61893A0540050EF06 /* en */ = {isa = PBXFileReference; lastKnownFileType = text.plist.strings; name = en; path = en.lproj/InfoPlist.strings; sourceTree = "<group>"; };
		7EDA53B81893A0540050EF06 /* CasaTests.m */ = {isa = PBXFileReference; lastKnownFileType = sourcecode.c.objc; path = CasaTests.m; sourceTree = "<group>"; };
		7EDA53C31893A92D0050EF06 /* Main.storyboard */ = {isa = PBXFileReference; fileEncoding = 4; lastKnownFileType = file.storyboard; path = Main.storyboard; sourceTree = "<group>"; };
		7EDA53C51893A9A40050EF06 /* RootViewController.h */ = {isa = PBXFileReference; fileEncoding = 4; lastKnownFileType = sourcecode.c.h; path = RootViewController.h; sourceTree = "<group>"; };
		7EDA53C61893A9A40050EF06 /* RootViewController.m */ = {isa = PBXFileReference; fileEncoding = 4; lastKnownFileType = sourcecode.c.objc; path = RootViewController.m; sourceTree = "<group>"; };
		7EDA53C91893AA1C0050EF06 /* RECommonFunctions.h */ = {isa = PBXFileReference; fileEncoding = 4; lastKnownFileType = sourcecode.c.h; path = RECommonFunctions.h; sourceTree = "<group>"; };
		7EDA53CA1893AA1C0050EF06 /* RECommonFunctions.m */ = {isa = PBXFileReference; fileEncoding = 4; lastKnownFileType = sourcecode.c.objc; path = RECommonFunctions.m; sourceTree = "<group>"; };
		7EDA53CB1893AA1C0050EF06 /* RESideMenu.h */ = {isa = PBXFileReference; fileEncoding = 4; lastKnownFileType = sourcecode.c.h; path = RESideMenu.h; sourceTree = "<group>"; };
		7EDA53CC1893AA1C0050EF06 /* RESideMenu.m */ = {isa = PBXFileReference; fileEncoding = 4; lastKnownFileType = sourcecode.c.objc; path = RESideMenu.m; sourceTree = "<group>"; };
		7EDA53CD1893AA1C0050EF06 /* UIViewController+RESideMenu.h */ = {isa = PBXFileReference; fileEncoding = 4; lastKnownFileType = sourcecode.c.h; path = "UIViewController+RESideMenu.h"; sourceTree = "<group>"; };
		7EDA53CE1893AA1C0050EF06 /* UIViewController+RESideMenu.m */ = {isa = PBXFileReference; fileEncoding = 4; lastKnownFileType = sourcecode.c.objc; path = "UIViewController+RESideMenu.m"; sourceTree = "<group>"; };
		7EDA53D21893AB320050EF06 /* MenuViewController.h */ = {isa = PBXFileReference; fileEncoding = 4; lastKnownFileType = sourcecode.c.h; path = MenuViewController.h; sourceTree = "<group>"; };
		7EDA53D31893AB320050EF06 /* MenuViewController.m */ = {isa = PBXFileReference; fileEncoding = 4; lastKnownFileType = sourcecode.c.objc; path = MenuViewController.m; sourceTree = "<group>"; };
		7EDA53D71893B3810050EF06 /* PayRentViewController.h */ = {isa = PBXFileReference; fileEncoding = 4; lastKnownFileType = sourcecode.c.h; path = PayRentViewController.h; sourceTree = "<group>"; };
		7EDA53D81893B3810050EF06 /* PayRentViewController.m */ = {isa = PBXFileReference; fileEncoding = 4; lastKnownFileType = sourcecode.c.objc; path = PayRentViewController.m; sourceTree = "<group>"; };
		7EDA53DA1893B3920050EF06 /* MaintainenceViewController.h */ = {isa = PBXFileReference; fileEncoding = 4; lastKnownFileType = sourcecode.c.h; path = MaintainenceViewController.h; sourceTree = "<group>"; };
		7EDA53DB1893B3920050EF06 /* MaintainenceViewController.m */ = {isa = PBXFileReference; fileEncoding = 4; lastKnownFileType = sourcecode.c.objc; path = MaintainenceViewController.m; sourceTree = "<group>"; };
		7EDA53E11893B4590050EF06 /* app-icon-120.png */ = {isa = PBXFileReference; lastKnownFileType = image.png; path = "app-icon-120.png"; sourceTree = "<group>"; };
		7EDA53E21893B4590050EF06 /* app-icon-58.png */ = {isa = PBXFileReference; lastKnownFileType = image.png; path = "app-icon-58.png"; sourceTree = "<group>"; };
		7EDA53E31893B4590050EF06 /* app-icon-80.png */ = {isa = PBXFileReference; lastKnownFileType = image.png; path = "app-icon-80.png"; sourceTree = "<group>"; };
		7EDA53E41893B4590050EF06 /* background@2x.png */ = {isa = PBXFileReference; lastKnownFileType = image.png; path = "background@2x.png"; sourceTree = "<group>"; };
		7EDA53E51893B4590050EF06 /* dots.png */ = {isa = PBXFileReference; lastKnownFileType = image.png; path = dots.png; sourceTree = "<group>"; };
		7EDA53E61893B4590050EF06 /* dots@2x.png */ = {isa = PBXFileReference; lastKnownFileType = image.png; path = "dots@2x.png"; sourceTree = "<group>"; };
		7EDA53E71893B4590050EF06 /* explore.png */ = {isa = PBXFileReference; lastKnownFileType = image.png; path = explore.png; sourceTree = "<group>"; };
		7EDA53E81893B4590050EF06 /* explore@2x.png */ = {isa = PBXFileReference; lastKnownFileType = image.png; path = "explore@2x.png"; sourceTree = "<group>"; };
		7EDA53E91893B4590050EF06 /* hate.png */ = {isa = PBXFileReference; lastKnownFileType = image.png; path = hate.png; sourceTree = "<group>"; };
		7EDA53EA1893B4590050EF06 /* hate@2x.png */ = {isa = PBXFileReference; lastKnownFileType = image.png; path = "hate@2x.png"; sourceTree = "<group>"; };
		7EDA53EB1893B4590050EF06 /* hate_pressed.png */ = {isa = PBXFileReference; lastKnownFileType = image.png; path = hate_pressed.png; sourceTree = "<group>"; };
		7EDA53EC1893B4590050EF06 /* hate_pressed@2x.png */ = {isa = PBXFileReference; lastKnownFileType = image.png; path = "hate_pressed@2x.png"; sourceTree = "<group>"; };
		7EDA53EE1893B4590050EF06 /* Default-568h@2x.png */ = {isa = PBXFileReference; lastKnownFileType = image.png; path = "Default-568h@2x.png"; sourceTree = "<group>"; };
		7EDA53EF1893B4590050EF06 /* Default@2x.png */ = {isa = PBXFileReference; lastKnownFileType = image.png; path = "Default@2x.png"; sourceTree = "<group>"; };
		7EDA53F01893B4590050EF06 /* like.png */ = {isa = PBXFileReference; lastKnownFileType = image.png; path = like.png; sourceTree = "<group>"; };
		7EDA53F11893B4590050EF06 /* like@2x.png */ = {isa = PBXFileReference; lastKnownFileType = image.png; path = "like@2x.png"; sourceTree = "<group>"; };
		7EDA53F21893B4590050EF06 /* like_pressed.png */ = {isa = PBXFileReference; lastKnownFileType = image.png; path = like_pressed.png; sourceTree = "<group>"; };
		7EDA53F31893B4590050EF06 /* like_pressed@2x.png */ = {isa = PBXFileReference; lastKnownFileType = image.png; path = "like_pressed@2x.png"; sourceTree = "<group>"; };
		7EDA53F41893B4590050EF06 /* nav.png */ = {isa = PBXFileReference; lastKnownFileType = image.png; path = nav.png; sourceTree = "<group>"; };
		7EDA53F51893B4590050EF06 /* nav@2x.png */ = {isa = PBXFileReference; lastKnownFileType = image.png; path = "nav@2x.png"; sourceTree = "<group>"; };
		7EDA53F71893B4590050EF06 /* navbar_title_email.png */ = {isa = PBXFileReference; lastKnownFileType = image.png; path = navbar_title_email.png; sourceTree = "<group>"; };
		7EDA53F81893B4590050EF06 /* navbar_title_email@2x.png */ = {isa = PBXFileReference; lastKnownFileType = image.png; path = "navbar_title_email@2x.png"; sourceTree = "<group>"; };
		7EDA53F91893B4590050EF06 /* navbar_title_gadgets.png */ = {isa = PBXFileReference; lastKnownFileType = image.png; path = navbar_title_gadgets.png; sourceTree = "<group>"; };
		7EDA53FA1893B4590050EF06 /* navbar_title_gadgets@2x.png */ = {isa = PBXFileReference; lastKnownFileType = image.png; path = "navbar_title_gadgets@2x.png"; sourceTree = "<group>"; };
		7EDA53FB1893B4590050EF06 /* navbar_title_home.png */ = {isa = PBXFileReference; lastKnownFileType = image.png; path = navbar_title_home.png; sourceTree = "<group>"; };
		7EDA53FC1893B4590050EF06 /* navbar_title_home@2x.png */ = {isa = PBXFileReference; lastKnownFileType = image.png; path = "navbar_title_home@2x.png"; sourceTree = "<group>"; };
		7EDA53FD1893B4590050EF06 /* navbar_title_name.png */ = {isa = PBXFileReference; lastKnownFileType = image.png; path = navbar_title_name.png; sourceTree = "<group>"; };
		7EDA53FE1893B4590050EF06 /* navbar_title_name@2x.png */ = {isa = PBXFileReference; lastKnownFileType = image.png; path = "navbar_title_name@2x.png"; sourceTree = "<group>"; };
		7EDA53FF1893B4590050EF06 /* navbar_title_outdoors.png */ = {isa = PBXFileReference; lastKnownFileType = image.png; path = navbar_title_outdoors.png; sourceTree = "<group>"; };
		7EDA54001893B4590050EF06 /* navbar_title_outdoors@2x.png */ = {isa = PBXFileReference; lastKnownFileType = image.png; path = "navbar_title_outdoors@2x.png"; sourceTree = "<group>"; };
		7EDA54011893B4590050EF06 /* navbar_title_profile.png */ = {isa = PBXFileReference; lastKnownFileType = image.png; path = navbar_title_profile.png; sourceTree = "<group>"; };
		7EDA54021893B4590050EF06 /* navbar_title_profile@2x.png */ = {isa = PBXFileReference; lastKnownFileType = image.png; path = "navbar_title_profile@2x.png"; sourceTree = "<group>"; };
		7EDA54031893B4590050EF06 /* navbar_title_search.png */ = {isa = PBXFileReference; lastKnownFileType = image.png; path = navbar_title_search.png; sourceTree = "<group>"; };
		7EDA54041893B4590050EF06 /* navbar_title_search@2x.png */ = {isa = PBXFileReference; lastKnownFileType = image.png; path = "navbar_title_search@2x.png"; sourceTree = "<group>"; };
		7EDA54051893B4590050EF06 /* navbar_title_settings.png */ = {isa = PBXFileReference; lastKnownFileType = image.png; path = navbar_title_settings.png; sourceTree = "<group>"; };
		7EDA54061893B4590050EF06 /* navbar_title_settings@2x.png */ = {isa = PBXFileReference; lastKnownFileType = image.png; path = "navbar_title_settings@2x.png"; sourceTree = "<group>"; };
		7EDA54071893B4590050EF06 /* navbar_title_spruce.png */ = {isa = PBXFileReference; lastKnownFileType = image.png; path = navbar_title_spruce.png; sourceTree = "<group>"; };
		7EDA54081893B4590050EF06 /* navbar_title_spruce@2x.png */ = {isa = PBXFileReference; lastKnownFileType = image.png; path = "navbar_title_spruce@2x.png"; sourceTree = "<group>"; };
		7EDA54091893B4590050EF06 /* navbar_title_trending.png */ = {isa = PBXFileReference; lastKnownFileType = image.png; path = navbar_title_trending.png; sourceTree = "<group>"; };
		7EDA540A1893B4590050EF06 /* navbar_title_trending@2x.png */ = {isa = PBXFileReference; lastKnownFileType = image.png; path = "navbar_title_trending@2x.png"; sourceTree = "<group>"; };
		7EDA540B1893B4590050EF06 /* navbar_title_vehicles.png */ = {isa = PBXFileReference; lastKnownFileType = image.png; path = navbar_title_vehicles.png; sourceTree = "<group>"; };
		7EDA540C1893B4590050EF06 /* navbar_title_vehicles@2x.png */ = {isa = PBXFileReference; lastKnownFileType = image.png; path = "navbar_title_vehicles@2x.png"; sourceTree = "<group>"; };
		7EDA540D1893B4590050EF06 /* no-more-products.png */ = {isa = PBXFileReference; lastKnownFileType = image.png; path = "no-more-products.png"; sourceTree = "<group>"; };
		7EDA540E1893B4590050EF06 /* no-more-products@2x.png */ = {isa = PBXFileReference; lastKnownFileType = image.png; path = "no-more-products@2x.png"; sourceTree = "<group>"; };
		7EDA540F1893B4590050EF06 /* product_bg@2x.png */ = {isa = PBXFileReference; lastKnownFileType = image.png; path = "product_bg@2x.png"; sourceTree = "<group>"; };
		7EDA54101893B4590050EF06 /* profile.png */ = {isa = PBXFileReference; lastKnownFileType = image.png; path = profile.png; sourceTree = "<group>"; };
		7EDA54111893B4590050EF06 /* profile@2x.png */ = {isa = PBXFileReference; lastKnownFileType = image.png; path = "profile@2x.png"; sourceTree = "<group>"; };
		7EDA54121893B4590050EF06 /* save.png */ = {isa = PBXFileReference; lastKnownFileType = image.png; path = save.png; sourceTree = "<group>"; };
		7EDA54131893B4590050EF06 /* save@2x.png */ = {isa = PBXFileReference; lastKnownFileType = image.png; path = "save@2x.png"; sourceTree = "<group>"; };
		7EDA54141893B4590050EF06 /* save_pressed.png */ = {isa = PBXFileReference; lastKnownFileType = image.png; path = save_pressed.png; sourceTree = "<group>"; };
		7EDA54151893B4590050EF06 /* save_pressed@2x.png */ = {isa = PBXFileReference; lastKnownFileType = image.png; path = "save_pressed@2x.png"; sourceTree = "<group>"; };
		7EDA54161893B4590050EF06 /* search.png */ = {isa = PBXFileReference; lastKnownFileType = image.png; path = search.png; sourceTree = "<group>"; };
		7EDA54171893B4590050EF06 /* search@2x.png */ = {isa = PBXFileReference; lastKnownFileType = image.png; path = "search@2x.png"; sourceTree = "<group>"; };
		7EDA54181893B4590050EF06 /* settings.png */ = {isa = PBXFileReference; lastKnownFileType = image.png; path = settings.png; sourceTree = "<group>"; };
		7EDA54191893B4590050EF06 /* settings@2x.png */ = {isa = PBXFileReference; lastKnownFileType = image.png; path = "settings@2x.png"; sourceTree = "<group>"; };
		7EDA541A1893B4590050EF06 /* spruce.png */ = {isa = PBXFileReference; lastKnownFileType = image.png; path = spruce.png; sourceTree = "<group>"; };
		7EDA541B1893B4590050EF06 /* spruce@2x.png */ = {isa = PBXFileReference; lastKnownFileType = image.png; path = "spruce@2x.png"; sourceTree = "<group>"; };
		7EDA54551893BAC30050EF06 /* background.png */ = {isa = PBXFileReference; lastKnownFileType = image.png; name = background.png; path = "App Icons/background.png"; sourceTree = "<group>"; };
		7EDA5459189432390050EF06 /* DirectoryViewController.h */ = {isa = PBXFileReference; fileEncoding = 4; lastKnownFileType = sourcecode.c.h; path = DirectoryViewController.h; sourceTree = "<group>"; };
		7EDA545A189432390050EF06 /* DirectoryViewController.m */ = {isa = PBXFileReference; fileEncoding = 4; lastKnownFileType = sourcecode.c.objc; path = DirectoryViewController.m; sourceTree = "<group>"; };
		7EDA545F1894366F0050EF06 /* MyCasaViewController.h */ = {isa = PBXFileReference; fileEncoding = 4; lastKnownFileType = sourcecode.c.h; path = MyCasaViewController.h; sourceTree = "<group>"; };
		7EDA54601894366F0050EF06 /* MyCasaViewController.m */ = {isa = PBXFileReference; fileEncoding = 4; lastKnownFileType = sourcecode.c.objc; path = MyCasaViewController.m; sourceTree = "<group>"; };
		7EDA54621894465F0050EF06 /* PaymentDetailViewController.h */ = {isa = PBXFileReference; fileEncoding = 4; lastKnownFileType = sourcecode.c.h; path = PaymentDetailViewController.h; sourceTree = "<group>"; };
		7EDA54631894465F0050EF06 /* PaymentDetailViewController.m */ = {isa = PBXFileReference; fileEncoding = 4; lastKnownFileType = sourcecode.c.objc; path = PaymentDetailViewController.m; sourceTree = "<group>"; };
		7EDA546518944E8A0050EF06 /* SubmitIssueViewController.h */ = {isa = PBXFileReference; fileEncoding = 4; lastKnownFileType = sourcecode.c.h; path = SubmitIssueViewController.h; sourceTree = "<group>"; };
		7EDA546618944E8A0050EF06 /* SubmitIssueViewController.m */ = {isa = PBXFileReference; fileEncoding = 4; lastKnownFileType = sourcecode.c.objc; path = SubmitIssueViewController.m; sourceTree = "<group>"; };
		7EDA5468189475F50050EF06 /* Parse.framework */ = {isa = PBXFileReference; lastKnownFileType = wrapper.framework; path = Parse.framework; sourceTree = "<group>"; };
		7EDA546A1894763C0050EF06 /* AudioToolbox.framework */ = {isa = PBXFileReference; lastKnownFileType = wrapper.framework; name = AudioToolbox.framework; path = System/Library/Frameworks/AudioToolbox.framework; sourceTree = SDKROOT; };
		7EDA546C189476470050EF06 /* CFNetwork.framework */ = {isa = PBXFileReference; lastKnownFileType = wrapper.framework; name = CFNetwork.framework; path = System/Library/Frameworks/CFNetwork.framework; sourceTree = SDKROOT; };
		7EDA546E189476540050EF06 /* CoreLocation.framework */ = {isa = PBXFileReference; lastKnownFileType = wrapper.framework; name = CoreLocation.framework; path = System/Library/Frameworks/CoreLocation.framework; sourceTree = SDKROOT; };
		7EDA54701894765B0050EF06 /* libz.dylib */ = {isa = PBXFileReference; lastKnownFileType = "compiled.mach-o.dylib"; name = libz.dylib; path = usr/lib/libz.dylib; sourceTree = SDKROOT; };
		7EDA5472189476620050EF06 /* MobileCoreServices.framework */ = {isa = PBXFileReference; lastKnownFileType = wrapper.framework; name = MobileCoreServices.framework; path = System/Library/Frameworks/MobileCoreServices.framework; sourceTree = SDKROOT; };
		7EDA5474189476680050EF06 /* QuartzCore.framework */ = {isa = PBXFileReference; lastKnownFileType = wrapper.framework; name = QuartzCore.framework; path = System/Library/Frameworks/QuartzCore.framework; sourceTree = SDKROOT; };
		7EDA54761894766D0050EF06 /* Security.framework */ = {isa = PBXFileReference; lastKnownFileType = wrapper.framework; name = Security.framework; path = System/Library/Frameworks/Security.framework; sourceTree = SDKROOT; };
		7EDA5478189476720050EF06 /* StoreKit.framework */ = {isa = PBXFileReference; lastKnownFileType = wrapper.framework; name = StoreKit.framework; path = System/Library/Frameworks/StoreKit.framework; sourceTree = SDKROOT; };
		7EDA547A1894767F0050EF06 /* SystemConfiguration.framework */ = {isa = PBXFileReference; lastKnownFileType = wrapper.framework; name = SystemConfiguration.framework; path = System/Library/Frameworks/SystemConfiguration.framework; sourceTree = SDKROOT; };
		7EDA547E1894A4D40050EF06 /* ImageIO.framework */ = {isa = PBXFileReference; lastKnownFileType = wrapper.framework; name = ImageIO.framework; path = System/Library/Frameworks/ImageIO.framework; sourceTree = SDKROOT; };
		7EDA54851894AA330050EF06 /* ArUEPh5Y7l.png */ = {isa = PBXFileReference; lastKnownFileType = image.png; path = ArUEPh5Y7l.png; sourceTree = "<group>"; };
		7EDA54861894AA330050EF06 /* ffVuxfSZBb.png */ = {isa = PBXFileReference; lastKnownFileType = image.png; path = ffVuxfSZBb.png; sourceTree = "<group>"; };
		7EDA54871894AA330050EF06 /* hqCkR94XaM.png */ = {isa = PBXFileReference; lastKnownFileType = image.png; path = hqCkR94XaM.png; sourceTree = "<group>"; };
		7EDA54881894AA330050EF06 /* lmUFj6KW5o.png */ = {isa = PBXFileReference; lastKnownFileType = image.png; path = lmUFj6KW5o.png; sourceTree = "<group>"; };
		7EDA54891894AA330050EF06 /* lvJIVkTG4y.png */ = {isa = PBXFileReference; lastKnownFileType = image.png; path = lvJIVkTG4y.png; sourceTree = "<group>"; };
		7EDA548A1894AA330050EF06 /* NZnxUsn7h4.png */ = {isa = PBXFileReference; lastKnownFileType = image.png; path = NZnxUsn7h4.png; sourceTree = "<group>"; };
		7EDA548B1894AA330050EF06 /* OXpbjDusN8.png */ = {isa = PBXFileReference; lastKnownFileType = image.png; path = OXpbjDusN8.png; sourceTree = "<group>"; };
		7EDA548D1894AA330050EF06 /* tHtP9ahJ8S.png */ = {isa = PBXFileReference; lastKnownFileType = image.png; path = tHtP9ahJ8S.png; sourceTree = "<group>"; };
		7EDA548E1894AA330050EF06 /* xlFCyOZQKp.png */ = {isa = PBXFileReference; lastKnownFileType = image.png; path = xlFCyOZQKp.png; sourceTree = "<group>"; };
		7EDA548F1894AA330050EF06 /* YpfunAjSDS.png */ = {isa = PBXFileReference; lastKnownFileType = image.png; path = YpfunAjSDS.png; sourceTree = "<group>"; };
		7EDA549B1894AAF20050EF06 /* cljAmAgxhw.png */ = {isa = PBXFileReference; lastKnownFileType = image.png; path = cljAmAgxhw.png; sourceTree = "<group>"; };
		7EDA549D1894B0AB0050EF06 /* MBProgressHUD.h */ = {isa = PBXFileReference; fileEncoding = 4; lastKnownFileType = sourcecode.c.h; path = MBProgressHUD.h; sourceTree = "<group>"; };
		7EDA549E1894B0AB0050EF06 /* MBProgressHUD.m */ = {isa = PBXFileReference; fileEncoding = 4; lastKnownFileType = sourcecode.c.objc; path = MBProgressHUD.m; sourceTree = "<group>"; };
		7EDA54A01894CDBD0050EF06 /* apartment.png */ = {isa = PBXFileReference; lastKnownFileType = image.png; path = apartment.png; sourceTree = "<group>"; };
		7EDA54A21894DAB80050EF06 /* houseparty.png */ = {isa = PBXFileReference; lastKnownFileType = image.png; path = houseparty.png; sourceTree = "<group>"; };
		7EDA54A31894DAB80050EF06 /* lost_found.png */ = {isa = PBXFileReference; lastKnownFileType = image.png; path = lost_found.png; sourceTree = "<group>"; };
		7EDA54A41894DAB80050EF06 /* pool_maintain.png */ = {isa = PBXFileReference; lastKnownFileType = image.png; path = pool_maintain.png; sourceTree = "<group>"; };
		7EDA54A51894DAB80050EF06 /* rent_due.png */ = {isa = PBXFileReference; lastKnownFileType = image.png; path = rent_due.png; sourceTree = "<group>"; };
		7EDA54A61894DAB80050EF06 /* water_shut.png */ = {isa = PBXFileReference; lastKnownFileType = image.png; path = water_shut.png; sourceTree = "<group>"; };
		7EDA54AC1894DF5A0050EF06 /* green-dot.png */ = {isa = PBXFileReference; lastKnownFileType = image.png; path = "green-dot.png"; sourceTree = "<group>"; };
		7EDA54AD1894DF5A0050EF06 /* orange-dot.png */ = {isa = PBXFileReference; lastKnownFileType = image.png; path = "orange-dot.png"; sourceTree = "<group>"; };
		7EDA54AE1894DF5A0050EF06 /* red-dot.png */ = {isa = PBXFileReference; lastKnownFileType = image.png; path = "red-dot.png"; sourceTree = "<group>"; };
		7EDA54B21894E0F90050EF06 /* IssueDetailViewController.h */ = {isa = PBXFileReference; fileEncoding = 4; lastKnownFileType = sourcecode.c.h; path = IssueDetailViewController.h; sourceTree = "<group>"; };
		7EDA54B31894E0F90050EF06 /* IssueDetailViewController.m */ = {isa = PBXFileReference; fileEncoding = 4; lastKnownFileType = sourcecode.c.objc; path = IssueDetailViewController.m; sourceTree = "<group>"; };
		7EDA54B51894E1020050EF06 /* casa@2x.png */ = {isa = PBXFileReference; lastKnownFileType = image.png; path = "casa@2x.png"; sourceTree = "<group>"; };
		7EDA54B61894E1020050EF06 /* maintenance@2x.png */ = {isa = PBXFileReference; lastKnownFileType = image.png; path = "maintenance@2x.png"; sourceTree = "<group>"; };
		7EDA54B71894E1020050EF06 /* rent@2x.png */ = {isa = PBXFileReference; lastKnownFileType = image.png; path = "rent@2x.png"; sourceTree = "<group>"; };
		7EDA54BB189578380050EF06 /* landing_page@2x.png */ = {isa = PBXFileReference; lastKnownFileType = image.png; path = "landing_page@2x.png"; sourceTree = "<group>"; };
/* End PBXFileReference section */

/* Begin PBXFrameworksBuildPhase section */
		7EDA538D1893A0540050EF06 /* Frameworks */ = {
			isa = PBXFrameworksBuildPhase;
			buildActionMask = 2147483647;
			files = (
				7EDA547F1894A4D40050EF06 /* ImageIO.framework in Frameworks */,
				7EDA547B1894767F0050EF06 /* SystemConfiguration.framework in Frameworks */,
				7EDA5479189476720050EF06 /* StoreKit.framework in Frameworks */,
				7EDA54771894766D0050EF06 /* Security.framework in Frameworks */,
				7EDA5475189476680050EF06 /* QuartzCore.framework in Frameworks */,
				7EDA5473189476620050EF06 /* MobileCoreServices.framework in Frameworks */,
				7EDA54711894765B0050EF06 /* libz.dylib in Frameworks */,
				7EDA546F189476540050EF06 /* CoreLocation.framework in Frameworks */,
				7EDA53961893A0540050EF06 /* CoreGraphics.framework in Frameworks */,
				7EDA546D189476470050EF06 /* CFNetwork.framework in Frameworks */,
				7EDA546B1894763C0050EF06 /* AudioToolbox.framework in Frameworks */,
				7EDA53981893A0540050EF06 /* UIKit.framework in Frameworks */,
				7EDA5469189475F50050EF06 /* Parse.framework in Frameworks */,
				7EDA53941893A0540050EF06 /* Foundation.framework in Frameworks */,
			);
			runOnlyForDeploymentPostprocessing = 0;
		};
		7EDA53A81893A0540050EF06 /* Frameworks */ = {
			isa = PBXFrameworksBuildPhase;
			buildActionMask = 2147483647;
			files = (
				7EDA53AD1893A0540050EF06 /* XCTest.framework in Frameworks */,
				7EDA53AF1893A0540050EF06 /* UIKit.framework in Frameworks */,
				7EDA53AE1893A0540050EF06 /* Foundation.framework in Frameworks */,
			);
			runOnlyForDeploymentPostprocessing = 0;
		};
/* End PBXFrameworksBuildPhase section */

/* Begin PBXGroup section */
		7EDA53871893A0540050EF06 = {
			isa = PBXGroup;
			children = (
				7EDA53DF1893B4590050EF06 /* Images */,
				7EDA53991893A0540050EF06 /* Casa */,
				7EDA53B21893A0540050EF06 /* CasaTests */,
				7EDA53921893A0540050EF06 /* Frameworks */,
				7EDA53911893A0540050EF06 /* Products */,
			);
			sourceTree = "<group>";
		};
		7EDA53911893A0540050EF06 /* Products */ = {
			isa = PBXGroup;
			children = (
				7EDA53901893A0540050EF06 /* Casa.app */,
				7EDA53AB1893A0540050EF06 /* CasaTests.xctest */,
			);
			name = Products;
			sourceTree = "<group>";
		};
		7EDA53921893A0540050EF06 /* Frameworks */ = {
			isa = PBXGroup;
			children = (
				7EDA547E1894A4D40050EF06 /* ImageIO.framework */,
				7EDA547A1894767F0050EF06 /* SystemConfiguration.framework */,
				7EDA5478189476720050EF06 /* StoreKit.framework */,
				7EDA54761894766D0050EF06 /* Security.framework */,
				7EDA5474189476680050EF06 /* QuartzCore.framework */,
				7EDA5472189476620050EF06 /* MobileCoreServices.framework */,
				7EDA54701894765B0050EF06 /* libz.dylib */,
				7EDA546E189476540050EF06 /* CoreLocation.framework */,
				7EDA546C189476470050EF06 /* CFNetwork.framework */,
				7EDA546A1894763C0050EF06 /* AudioToolbox.framework */,
				7EDA5468189475F50050EF06 /* Parse.framework */,
				7EDA53931893A0540050EF06 /* Foundation.framework */,
				7EDA53951893A0540050EF06 /* CoreGraphics.framework */,
				7EDA53971893A0540050EF06 /* UIKit.framework */,
				7EDA53AC1893A0540050EF06 /* XCTest.framework */,
			);
			name = Frameworks;
			sourceTree = "<group>";
		};
		7EDA53991893A0540050EF06 /* Casa */ = {
			isa = PBXGroup;
			children = (
				7EDA53A21893A0540050EF06 /* CasaAppDelegate.h */,
				7EDA53A31893A0540050EF06 /* CasaAppDelegate.m */,
				7EDA53C31893A92D0050EF06 /* Main.storyboard */,
				7EDA53A51893A0540050EF06 /* Images.xcassets */,
				7EDA53C21893A90A0050EF06 /* Navigation */,
				7EDA5458189432010050EF06 /* My Casa */,
				7EDA53D51893B3260050EF06 /* Pay */,
				7EDA53D61893B33F0050EF06 /* Maintainence */,
				7EDA5457189431F70050EF06 /* Directory */,
				7EDA53C81893A9F10050EF06 /* Other */,
				7EDA539A1893A0540050EF06 /* Supporting Files */,
			);
			path = Casa;
			sourceTree = "<group>";
		};
		7EDA539A1893A0540050EF06 /* Supporting Files */ = {
			isa = PBXGroup;
			children = (
				7EDA539B1893A0540050EF06 /* Casa-Info.plist */,
				7EDA539C1893A0540050EF06 /* InfoPlist.strings */,
				7EDA539F1893A0540050EF06 /* main.m */,
				7EDA53A11893A0540050EF06 /* Casa-Prefix.pch */,
			);
			name = "Supporting Files";
			sourceTree = "<group>";
		};
		7EDA53B21893A0540050EF06 /* CasaTests */ = {
			isa = PBXGroup;
			children = (
				7EDA53B81893A0540050EF06 /* CasaTests.m */,
				7EDA53B31893A0540050EF06 /* Supporting Files */,
			);
			path = CasaTests;
			sourceTree = "<group>";
		};
		7EDA53B31893A0540050EF06 /* Supporting Files */ = {
			isa = PBXGroup;
			children = (
				7EDA53B41893A0540050EF06 /* CasaTests-Info.plist */,
				7EDA53B51893A0540050EF06 /* InfoPlist.strings */,
			);
			name = "Supporting Files";
			sourceTree = "<group>";
		};
		7EDA53C21893A90A0050EF06 /* Navigation */ = {
			isa = PBXGroup;
			children = (
				7EDA53C51893A9A40050EF06 /* RootViewController.h */,
				7EDA53C61893A9A40050EF06 /* RootViewController.m */,
				7EDA53D21893AB320050EF06 /* MenuViewController.h */,
				7EDA53D31893AB320050EF06 /* MenuViewController.m */,
			);
			name = Navigation;
			sourceTree = "<group>";
		};
		7EDA53C81893A9F10050EF06 /* Other */ = {
			isa = PBXGroup;
			children = (
				7EDA53C91893AA1C0050EF06 /* RECommonFunctions.h */,
				7EDA53CA1893AA1C0050EF06 /* RECommonFunctions.m */,
				7EDA53CB1893AA1C0050EF06 /* RESideMenu.h */,
				7EDA53CC1893AA1C0050EF06 /* RESideMenu.m */,
				7EDA53CD1893AA1C0050EF06 /* UIViewController+RESideMenu.h */,
				7EDA53CE1893AA1C0050EF06 /* UIViewController+RESideMenu.m */,
				7EDA549D1894B0AB0050EF06 /* MBProgressHUD.h */,
				7EDA549E1894B0AB0050EF06 /* MBProgressHUD.m */,
			);
			name = Other;
			sourceTree = "<group>";
		};
		7EDA53D51893B3260050EF06 /* Pay */ = {
			isa = PBXGroup;
			children = (
				7EDA53D71893B3810050EF06 /* PayRentViewController.h */,
				7EDA53D81893B3810050EF06 /* PayRentViewController.m */,
				7EDA54621894465F0050EF06 /* PaymentDetailViewController.h */,
				7EDA54631894465F0050EF06 /* PaymentDetailViewController.m */,
			);
			name = Pay;
			sourceTree = "<group>";
		};
		7EDA53D61893B33F0050EF06 /* Maintainence */ = {
			isa = PBXGroup;
			children = (
				7EDA53DA1893B3920050EF06 /* MaintainenceViewController.h */,
				7EDA53DB1893B3920050EF06 /* MaintainenceViewController.m */,
				7EDA54B21894E0F90050EF06 /* IssueDetailViewController.h */,
				7EDA54B31894E0F90050EF06 /* IssueDetailViewController.m */,
				7EDA546518944E8A0050EF06 /* SubmitIssueViewController.h */,
				7EDA546618944E8A0050EF06 /* SubmitIssueViewController.m */,
			);
			name = Maintainence;
			sourceTree = "<group>";
		};
		7EDA53DF1893B4590050EF06 /* Images */ = {
			isa = PBXGroup;
			children = (
				7EDA54BB189578380050EF06 /* landing_page@2x.png */,
				7EDA54B51894E1020050EF06 /* casa@2x.png */,
				7EDA54B61894E1020050EF06 /* maintenance@2x.png */,
				7EDA54B71894E1020050EF06 /* rent@2x.png */,
				7EDA54A01894CDBD0050EF06 /* apartment.png */,
				7EDA54A21894DAB80050EF06 /* houseparty.png */,
				7EDA54A31894DAB80050EF06 /* lost_found.png */,
				7EDA54A41894DAB80050EF06 /* pool_maintain.png */,
				7EDA54A51894DAB80050EF06 /* rent_due.png */,
				7EDA54A61894DAB80050EF06 /* water_shut.png */,
				7EDA54AC1894DF5A0050EF06 /* green-dot.png */,
				7EDA54AD1894DF5A0050EF06 /* orange-dot.png */,
				7EDA54AE1894DF5A0050EF06 /* red-dot.png */,
				7EDA54841894AA330050EF06 /* tenants */,
				7EDA53E01893B4590050EF06 /* App Icons */,
				7EDA53E41893B4590050EF06 /* background@2x.png */,
				7EDA54551893BAC30050EF06 /* background.png */,
				7EDA53E51893B4590050EF06 /* dots.png */,
				7EDA53E61893B4590050EF06 /* dots@2x.png */,
				7EDA53E71893B4590050EF06 /* explore.png */,
				7EDA53E81893B4590050EF06 /* explore@2x.png */,
				7EDA53E91893B4590050EF06 /* hate.png */,
				7EDA53EA1893B4590050EF06 /* hate@2x.png */,
				7EDA53EB1893B4590050EF06 /* hate_pressed.png */,
				7EDA53EC1893B4590050EF06 /* hate_pressed@2x.png */,
				7EDA53ED1893B4590050EF06 /* Launch Images */,
				7EDA53F01893B4590050EF06 /* like.png */,
				7EDA53F11893B4590050EF06 /* like@2x.png */,
				7EDA53F21893B4590050EF06 /* like_pressed.png */,
				7EDA53F31893B4590050EF06 /* like_pressed@2x.png */,
				7EDA53F41893B4590050EF06 /* nav.png */,
				7EDA53F51893B4590050EF06 /* nav@2x.png */,
				7EDA53F61893B4590050EF06 /* Navbar */,
				7EDA540D1893B4590050EF06 /* no-more-products.png */,
				7EDA540E1893B4590050EF06 /* no-more-products@2x.png */,
				7EDA540F1893B4590050EF06 /* product_bg@2x.png */,
				7EDA54101893B4590050EF06 /* profile.png */,
				7EDA54111893B4590050EF06 /* profile@2x.png */,
				7EDA54121893B4590050EF06 /* save.png */,
				7EDA54131893B4590050EF06 /* save@2x.png */,
				7EDA54141893B4590050EF06 /* save_pressed.png */,
				7EDA54151893B4590050EF06 /* save_pressed@2x.png */,
				7EDA54161893B4590050EF06 /* search.png */,
				7EDA54171893B4590050EF06 /* search@2x.png */,
				7EDA54181893B4590050EF06 /* settings.png */,
				7EDA54191893B4590050EF06 /* settings@2x.png */,
				7EDA541A1893B4590050EF06 /* spruce.png */,
				7EDA541B1893B4590050EF06 /* spruce@2x.png */,
			);
			name = Images;
			path = Casa/Images;
			sourceTree = "<group>";
		};
		7EDA53E01893B4590050EF06 /* App Icons */ = {
			isa = PBXGroup;
			children = (
				7EDA53E11893B4590050EF06 /* app-icon-120.png */,
				7EDA53E21893B4590050EF06 /* app-icon-58.png */,
				7EDA53E31893B4590050EF06 /* app-icon-80.png */,
			);
			path = "App Icons";
			sourceTree = "<group>";
		};
		7EDA53ED1893B4590050EF06 /* Launch Images */ = {
			isa = PBXGroup;
			children = (
				7EDA53EE1893B4590050EF06 /* Default-568h@2x.png */,
				7EDA53EF1893B4590050EF06 /* Default@2x.png */,
			);
			path = "Launch Images";
			sourceTree = "<group>";
		};
		7EDA53F61893B4590050EF06 /* Navbar */ = {
			isa = PBXGroup;
			children = (
				7EDA53F71893B4590050EF06 /* navbar_title_email.png */,
				7EDA53F81893B4590050EF06 /* navbar_title_email@2x.png */,
				7EDA53F91893B4590050EF06 /* navbar_title_gadgets.png */,
				7EDA53FA1893B4590050EF06 /* navbar_title_gadgets@2x.png */,
				7EDA53FB1893B4590050EF06 /* navbar_title_home.png */,
				7EDA53FC1893B4590050EF06 /* navbar_title_home@2x.png */,
				7EDA53FD1893B4590050EF06 /* navbar_title_name.png */,
				7EDA53FE1893B4590050EF06 /* navbar_title_name@2x.png */,
				7EDA53FF1893B4590050EF06 /* navbar_title_outdoors.png */,
				7EDA54001893B4590050EF06 /* navbar_title_outdoors@2x.png */,
				7EDA54011893B4590050EF06 /* navbar_title_profile.png */,
				7EDA54021893B4590050EF06 /* navbar_title_profile@2x.png */,
				7EDA54031893B4590050EF06 /* navbar_title_search.png */,
				7EDA54041893B4590050EF06 /* navbar_title_search@2x.png */,
				7EDA54051893B4590050EF06 /* navbar_title_settings.png */,
				7EDA54061893B4590050EF06 /* navbar_title_settings@2x.png */,
				7EDA54071893B4590050EF06 /* navbar_title_spruce.png */,
				7EDA54081893B4590050EF06 /* navbar_title_spruce@2x.png */,
				7EDA54091893B4590050EF06 /* navbar_title_trending.png */,
				7EDA540A1893B4590050EF06 /* navbar_title_trending@2x.png */,
				7EDA540B1893B4590050EF06 /* navbar_title_vehicles.png */,
				7EDA540C1893B4590050EF06 /* navbar_title_vehicles@2x.png */,
			);
			path = Navbar;
			sourceTree = "<group>";
		};
		7EDA5457189431F70050EF06 /* Directory */ = {
			isa = PBXGroup;
			children = (
				7EDA5459189432390050EF06 /* DirectoryViewController.h */,
				7EDA545A189432390050EF06 /* DirectoryViewController.m */,
			);
			name = Directory;
			sourceTree = "<group>";
		};
		7EDA5458189432010050EF06 /* My Casa */ = {
			isa = PBXGroup;
			children = (
				7EDA545F1894366F0050EF06 /* MyCasaViewController.h */,
				7EDA54601894366F0050EF06 /* MyCasaViewController.m */,
			);
			name = "My Casa";
			sourceTree = "<group>";
		};
		7EDA54841894AA330050EF06 /* tenants */ = {
			isa = PBXGroup;
			children = (
				7EDA54851894AA330050EF06 /* ArUEPh5Y7l.png */,
				7EDA54861894AA330050EF06 /* ffVuxfSZBb.png */,
				7EDA54871894AA330050EF06 /* hqCkR94XaM.png */,
				7EDA54881894AA330050EF06 /* lmUFj6KW5o.png */,
				7EDA54891894AA330050EF06 /* lvJIVkTG4y.png */,
				7EDA548A1894AA330050EF06 /* NZnxUsn7h4.png */,
				7EDA548B1894AA330050EF06 /* OXpbjDusN8.png */,
				7EDA548D1894AA330050EF06 /* tHtP9ahJ8S.png */,
				7EDA548E1894AA330050EF06 /* xlFCyOZQKp.png */,
				7EDA549B1894AAF20050EF06 /* cljAmAgxhw.png */,
				7EDA548F1894AA330050EF06 /* YpfunAjSDS.png */,
			);
			path = tenants;
			sourceTree = "<group>";
		};
/* End PBXGroup section */

/* Begin PBXNativeTarget section */
		7EDA538F1893A0540050EF06 /* Casa */ = {
			isa = PBXNativeTarget;
			buildConfigurationList = 7EDA53BC1893A0540050EF06 /* Build configuration list for PBXNativeTarget "Casa" */;
			buildPhases = (
				7EDA538C1893A0540050EF06 /* Sources */,
				7EDA538D1893A0540050EF06 /* Frameworks */,
				7EDA538E1893A0540050EF06 /* Resources */,
			);
			buildRules = (
			);
			dependencies = (
			);
			name = Casa;
			productName = Casa;
			productReference = 7EDA53901893A0540050EF06 /* Casa.app */;
			productType = "com.apple.product-type.application";
		};
		7EDA53AA1893A0540050EF06 /* CasaTests */ = {
			isa = PBXNativeTarget;
			buildConfigurationList = 7EDA53BF1893A0540050EF06 /* Build configuration list for PBXNativeTarget "CasaTests" */;
			buildPhases = (
				7EDA53A71893A0540050EF06 /* Sources */,
				7EDA53A81893A0540050EF06 /* Frameworks */,
				7EDA53A91893A0540050EF06 /* Resources */,
			);
			buildRules = (
			);
			dependencies = (
				7EDA53B11893A0540050EF06 /* PBXTargetDependency */,
			);
			name = CasaTests;
			productName = CasaTests;
			productReference = 7EDA53AB1893A0540050EF06 /* CasaTests.xctest */;
			productType = "com.apple.product-type.bundle.unit-test";
		};
/* End PBXNativeTarget section */

/* Begin PBXProject section */
		7EDA53881893A0540050EF06 /* Project object */ = {
			isa = PBXProject;
			attributes = {
				CLASSPREFIX = Casa;
				LastUpgradeCheck = 0500;
				ORGANIZATIONNAME = HackTech;
				TargetAttributes = {
					7EDA53AA1893A0540050EF06 = {
						TestTargetID = 7EDA538F1893A0540050EF06;
					};
				};
			};
			buildConfigurationList = 7EDA538B1893A0540050EF06 /* Build configuration list for PBXProject "Casa" */;
			compatibilityVersion = "Xcode 3.2";
			developmentRegion = English;
			hasScannedForEncodings = 0;
			knownRegions = (
				en,
			);
			mainGroup = 7EDA53871893A0540050EF06;
			productRefGroup = 7EDA53911893A0540050EF06 /* Products */;
			projectDirPath = "";
			projectRoot = "";
			targets = (
				7EDA538F1893A0540050EF06 /* Casa */,
				7EDA53AA1893A0540050EF06 /* CasaTests */,
			);
		};
/* End PBXProject section */

/* Begin PBXResourcesBuildPhase section */
		7EDA538E1893A0540050EF06 /* Resources */ = {
			isa = PBXResourcesBuildPhase;
			buildActionMask = 2147483647;
			files = (
				7EDA54321893B4590050EF06 /* navbar_title_gadgets.png in Resources */,
				7EDA53C41893A92D0050EF06 /* Main.storyboard in Resources */,
				7EDA543A1893B4590050EF06 /* navbar_title_profile.png in Resources */,
				7EDA54B11894DF5A0050EF06 /* red-dot.png in Resources */,
				7EDA542D1893B4590050EF06 /* like_pressed@2x.png in Resources */,
				7EDA54BC189578380050EF06 /* landing_page@2x.png in Resources */,
				7EDA54351893B4590050EF06 /* navbar_title_home@2x.png in Resources */,
				7EDA54341893B4590050EF06 /* navbar_title_home.png in Resources */,
				7EDA54511893B4590050EF06 /* settings.png in Resources */,
				7EDA54A11894CDBD0050EF06 /* apartment.png in Resources */,
				7EDA54911894AA330050EF06 /* ffVuxfSZBb.png in Resources */,
				7EDA54491893B4590050EF06 /* profile.png in Resources */,
				7EDA54381893B4590050EF06 /* navbar_title_outdoors.png in Resources */,
				7EDA54481893B4590050EF06 /* product_bg@2x.png in Resources */,
				7EDA539E1893A0540050EF06 /* InfoPlist.strings in Resources */,
				7EDA54A71894DAB80050EF06 /* houseparty.png in Resources */,
				7EDA54331893B4590050EF06 /* navbar_title_gadgets@2x.png in Resources */,
				7EDA54441893B4590050EF06 /* navbar_title_vehicles.png in Resources */,
				7EDA542A1893B4590050EF06 /* like.png in Resources */,
				7EDA542B1893B4590050EF06 /* like@2x.png in Resources */,
				7EDA549A1894AA330050EF06 /* YpfunAjSDS.png in Resources */,
				7EDA54961894AA330050EF06 /* OXpbjDusN8.png in Resources */,
				7EDA544E1893B4590050EF06 /* save_pressed@2x.png in Resources */,
				7EDA544A1893B4590050EF06 /* profile@2x.png in Resources */,
				7EDA54991894AA330050EF06 /* xlFCyOZQKp.png in Resources */,
				7EDA54AF1894DF5A0050EF06 /* green-dot.png in Resources */,
				7EDA542E1893B4590050EF06 /* nav.png in Resources */,
				7EDA54371893B4590050EF06 /* navbar_title_name@2x.png in Resources */,
				7EDA549C1894AAF20050EF06 /* cljAmAgxhw.png in Resources */,
				7EDA54531893B4590050EF06 /* spruce.png in Resources */,
				7EDA541E1893B4590050EF06 /* app-icon-80.png in Resources */,
				7EDA54431893B4590050EF06 /* navbar_title_trending@2x.png in Resources */,
				7EDA544C1893B4590050EF06 /* save@2x.png in Resources */,
				7EDA54941894AA330050EF06 /* lvJIVkTG4y.png in Resources */,
				7EDA542C1893B4590050EF06 /* like_pressed.png in Resources */,
				7EDA54921894AA330050EF06 /* hqCkR94XaM.png in Resources */,
				7EDA54221893B4590050EF06 /* explore.png in Resources */,
				7EDA54261893B4590050EF06 /* hate_pressed.png in Resources */,
				7EDA54931894AA330050EF06 /* lmUFj6KW5o.png in Resources */,
				7EDA54501893B4590050EF06 /* search@2x.png in Resources */,
				7EDA54461893B4590050EF06 /* no-more-products.png in Resources */,
				7EDA542F1893B4590050EF06 /* nav@2x.png in Resources */,
				7EDA541F1893B4590050EF06 /* background@2x.png in Resources */,
				7EDA54A81894DAB80050EF06 /* lost_found.png in Resources */,
				7EDA543E1893B4590050EF06 /* navbar_title_settings.png in Resources */,
				7EDA54951894AA330050EF06 /* NZnxUsn7h4.png in Resources */,
				7EDA54AB1894DAB80050EF06 /* water_shut.png in Resources */,
				7EDA54241893B4590050EF06 /* hate.png in Resources */,
				7EDA541C1893B4590050EF06 /* app-icon-120.png in Resources */,
				7EDA54201893B4590050EF06 /* dots.png in Resources */,
				7EDA54BA1894E1020050EF06 /* rent@2x.png in Resources */,
				7EDA54A91894DAB80050EF06 /* pool_maintain.png in Resources */,
				7EDA54B81894E1020050EF06 /* casa@2x.png in Resources */,
				7EDA54B01894DF5A0050EF06 /* orange-dot.png in Resources */,
				7EDA54521893B4590050EF06 /* settings@2x.png in Resources */,
				7EDA54291893B4590050EF06 /* Default@2x.png in Resources */,
				7EDA54541893B4590050EF06 /* spruce@2x.png in Resources */,
				7EDA54471893B4590050EF06 /* no-more-products@2x.png in Resources */,
				7EDA543D1893B4590050EF06 /* navbar_title_search@2x.png in Resources */,
				7EDA53A61893A0540050EF06 /* Images.xcassets in Resources */,
				7EDA54391893B4590050EF06 /* navbar_title_outdoors@2x.png in Resources */,
				7EDA543B1893B4590050EF06 /* navbar_title_profile@2x.png in Resources */,
				7EDA54231893B4590050EF06 /* explore@2x.png in Resources */,
				7EDA54211893B4590050EF06 /* dots@2x.png in Resources */,
				7EDA54301893B4590050EF06 /* navbar_title_email.png in Resources */,
				7EDA54B91894E1020050EF06 /* maintenance@2x.png in Resources */,
				7EDA544F1893B4590050EF06 /* search.png in Resources */,
				7EDA544D1893B4590050EF06 /* save_pressed.png in Resources */,
				7EDA543F1893B4590050EF06 /* navbar_title_settings@2x.png in Resources */,
				7EDA541D1893B4590050EF06 /* app-icon-58.png in Resources */,
				7EDA54281893B4590050EF06 /* Default-568h@2x.png in Resources */,
				7EDA54411893B4590050EF06 /* navbar_title_spruce@2x.png in Resources */,
				7EDA54421893B4590050EF06 /* navbar_title_trending.png in Resources */,
				7EDA54271893B4590050EF06 /* hate_pressed@2x.png in Resources */,
				7EDA54901894AA330050EF06 /* ArUEPh5Y7l.png in Resources */,
				7EDA544B1893B4590050EF06 /* save.png in Resources */,
				7EDA54AA1894DAB80050EF06 /* rent_due.png in Resources */,
				7EDA54561893BAC30050EF06 /* background.png in Resources */,
				7EDA54361893B4590050EF06 /* navbar_title_name.png in Resources */,
				7EDA54451893B4590050EF06 /* navbar_title_vehicles@2x.png in Resources */,
				7EDA54311893B4590050EF06 /* navbar_title_email@2x.png in Resources */,
				7EDA543C1893B4590050EF06 /* navbar_title_search.png in Resources */,
				7EDA54981894AA330050EF06 /* tHtP9ahJ8S.png in Resources */,
				7EDA54401893B4590050EF06 /* navbar_title_spruce.png in Resources */,
				7EDA54251893B4590050EF06 /* hate@2x.png in Resources */,
			);
			runOnlyForDeploymentPostprocessing = 0;
		};
		7EDA53A91893A0540050EF06 /* Resources */ = {
			isa = PBXResourcesBuildPhase;
			buildActionMask = 2147483647;
			files = (
				7EDA53B71893A0540050EF06 /* InfoPlist.strings in Resources */,
			);
			runOnlyForDeploymentPostprocessing = 0;
		};
/* End PBXResourcesBuildPhase section */

/* Begin PBXSourcesBuildPhase section */
		7EDA538C1893A0540050EF06 /* Sources */ = {
			isa = PBXSourcesBuildPhase;
			buildActionMask = 2147483647;
			files = (
				7EDA53A41893A0540050EF06 /* CasaAppDelegate.m in Sources */,
				7EDA54B41894E0F90050EF06 /* IssueDetailViewController.m in Sources */,
				7EDA53A01893A0540050EF06 /* main.m in Sources */,
				7EDA53DC1893B3920050EF06 /* MaintainenceViewController.m in Sources */,
				7EDA53C71893A9A40050EF06 /* RootViewController.m in Sources */,
				7EDA53D01893AA1C0050EF06 /* RESideMenu.m in Sources */,
				7EDA53D91893B3810050EF06 /* PayRentViewController.m in Sources */,
				7EDA54611894366F0050EF06 /* MyCasaViewController.m in Sources */,
				7EDA53D41893AB320050EF06 /* MenuViewController.m in Sources */,
				7EDA54641894465F0050EF06 /* PaymentDetailViewController.m in Sources */,
				7EDA53CF1893AA1C0050EF06 /* RECommonFunctions.m in Sources */,
				7EDA545B189432390050EF06 /* DirectoryViewController.m in Sources */,
				7EDA546718944E8A0050EF06 /* SubmitIssueViewController.m in Sources */,
				7EDA53D11893AA1C0050EF06 /* UIViewController+RESideMenu.m in Sources */,
				7EDA549F1894B0AB0050EF06 /* MBProgressHUD.m in Sources */,
			);
			runOnlyForDeploymentPostprocessing = 0;
		};
		7EDA53A71893A0540050EF06 /* Sources */ = {
			isa = PBXSourcesBuildPhase;
			buildActionMask = 2147483647;
			files = (
				7EDA53B91893A0540050EF06 /* CasaTests.m in Sources */,
			);
			runOnlyForDeploymentPostprocessing = 0;
		};
/* End PBXSourcesBuildPhase section */

/* Begin PBXTargetDependency section */
		7EDA53B11893A0540050EF06 /* PBXTargetDependency */ = {
			isa = PBXTargetDependency;
			target = 7EDA538F1893A0540050EF06 /* Casa */;
			targetProxy = 7EDA53B01893A0540050EF06 /* PBXContainerItemProxy */;
		};
/* End PBXTargetDependency section */

/* Begin PBXVariantGroup section */
		7EDA539C1893A0540050EF06 /* InfoPlist.strings */ = {
			isa = PBXVariantGroup;
			children = (
				7EDA539D1893A0540050EF06 /* en */,
			);
			name = InfoPlist.strings;
			sourceTree = "<group>";
		};
		7EDA53B51893A0540050EF06 /* InfoPlist.strings */ = {
			isa = PBXVariantGroup;
			children = (
				7EDA53B61893A0540050EF06 /* en */,
			);
			name = InfoPlist.strings;
			sourceTree = "<group>";
		};
/* End PBXVariantGroup section */

/* Begin XCBuildConfiguration section */
		7EDA53BA1893A0540050EF06 /* Debug */ = {
			isa = XCBuildConfiguration;
			buildSettings = {
				ALWAYS_SEARCH_USER_PATHS = NO;
				ARCHS = "$(ARCHS_STANDARD_INCLUDING_64_BIT)";
				CLANG_CXX_LANGUAGE_STANDARD = "gnu++0x";
				CLANG_CXX_LIBRARY = "libc++";
				CLANG_ENABLE_MODULES = YES;
				CLANG_ENABLE_OBJC_ARC = YES;
				CLANG_WARN_BOOL_CONVERSION = YES;
				CLANG_WARN_CONSTANT_CONVERSION = YES;
				CLANG_WARN_DIRECT_OBJC_ISA_USAGE = YES_ERROR;
				CLANG_WARN_EMPTY_BODY = YES;
				CLANG_WARN_ENUM_CONVERSION = YES;
				CLANG_WARN_INT_CONVERSION = YES;
				CLANG_WARN_OBJC_ROOT_CLASS = YES_ERROR;
				CLANG_WARN__DUPLICATE_METHOD_MATCH = YES;
				"CODE_SIGN_IDENTITY[sdk=iphoneos*]" = "iPhone Developer";
				COPY_PHASE_STRIP = NO;
				GCC_C_LANGUAGE_STANDARD = gnu99;
				GCC_DYNAMIC_NO_PIC = NO;
				GCC_OPTIMIZATION_LEVEL = 0;
				GCC_PREPROCESSOR_DEFINITIONS = (
					"DEBUG=1",
					"$(inherited)",
				);
				GCC_SYMBOLS_PRIVATE_EXTERN = NO;
				GCC_WARN_64_TO_32_BIT_CONVERSION = YES;
				GCC_WARN_ABOUT_RETURN_TYPE = YES_ERROR;
				GCC_WARN_UNDECLARED_SELECTOR = YES;
				GCC_WARN_UNINITIALIZED_AUTOS = YES;
				GCC_WARN_UNUSED_FUNCTION = YES;
				GCC_WARN_UNUSED_VARIABLE = YES;
				IPHONEOS_DEPLOYMENT_TARGET = 7.0;
				ONLY_ACTIVE_ARCH = YES;
				SDKROOT = iphoneos;
			};
			name = Debug;
		};
		7EDA53BB1893A0540050EF06 /* Release */ = {
			isa = XCBuildConfiguration;
			buildSettings = {
				ALWAYS_SEARCH_USER_PATHS = NO;
				ARCHS = "$(ARCHS_STANDARD_INCLUDING_64_BIT)";
				CLANG_CXX_LANGUAGE_STANDARD = "gnu++0x";
				CLANG_CXX_LIBRARY = "libc++";
				CLANG_ENABLE_MODULES = YES;
				CLANG_ENABLE_OBJC_ARC = YES;
				CLANG_WARN_BOOL_CONVERSION = YES;
				CLANG_WARN_CONSTANT_CONVERSION = YES;
				CLANG_WARN_DIRECT_OBJC_ISA_USAGE = YES_ERROR;
				CLANG_WARN_EMPTY_BODY = YES;
				CLANG_WARN_ENUM_CONVERSION = YES;
				CLANG_WARN_INT_CONVERSION = YES;
				CLANG_WARN_OBJC_ROOT_CLASS = YES_ERROR;
				CLANG_WARN__DUPLICATE_METHOD_MATCH = YES;
				"CODE_SIGN_IDENTITY[sdk=iphoneos*]" = "iPhone Developer";
				COPY_PHASE_STRIP = YES;
				ENABLE_NS_ASSERTIONS = NO;
				GCC_C_LANGUAGE_STANDARD = gnu99;
				GCC_WARN_64_TO_32_BIT_CONVERSION = YES;
				GCC_WARN_ABOUT_RETURN_TYPE = YES_ERROR;
				GCC_WARN_UNDECLARED_SELECTOR = YES;
				GCC_WARN_UNINITIALIZED_AUTOS = YES;
				GCC_WARN_UNUSED_FUNCTION = YES;
				GCC_WARN_UNUSED_VARIABLE = YES;
				IPHONEOS_DEPLOYMENT_TARGET = 7.0;
				SDKROOT = iphoneos;
				VALIDATE_PRODUCT = YES;
			};
			name = Release;
		};
		7EDA53BD1893A0540050EF06 /* Debug */ = {
			isa = XCBuildConfiguration;
			buildSettings = {
				ASSETCATALOG_COMPILER_APPICON_NAME = AppIcon;
				ASSETCATALOG_COMPILER_LAUNCHIMAGE_NAME = LaunchImage;
				FRAMEWORK_SEARCH_PATHS = (
					"$(inherited)",
					/Users/zhangjiangyang/Desktop/Casa,
				);
				GCC_PRECOMPILE_PREFIX_HEADER = YES;
				GCC_PREFIX_HEADER = "Casa/Casa-Prefix.pch";
				INFOPLIST_FILE = "Casa/Casa-Info.plist";
				OTHER_LDFLAGS = "";
				PRODUCT_NAME = "$(TARGET_NAME)";
				WRAPPER_EXTENSION = app;
			};
			name = Debug;
		};
		7EDA53BE1893A0540050EF06 /* Release */ = {
			isa = XCBuildConfiguration;
			buildSettings = {
				ASSETCATALOG_COMPILER_APPICON_NAME = AppIcon;
				ASSETCATALOG_COMPILER_LAUNCHIMAGE_NAME = LaunchImage;
				FRAMEWORK_SEARCH_PATHS = (
					"$(inherited)",
					/Users/zhangjiangyang/Desktop/Casa,
				);
				GCC_PRECOMPILE_PREFIX_HEADER = YES;
				GCC_PREFIX_HEADER = "Casa/Casa-Prefix.pch";
				INFOPLIST_FILE = "Casa/Casa-Info.plist";
				OTHER_LDFLAGS = "";
				PRODUCT_NAME = "$(TARGET_NAME)";
				WRAPPER_EXTENSION = app;
			};
			name = Release;
		};
		7EDA53C01893A0540050EF06 /* Debug */ = {
			isa = XCBuildConfiguration;
			buildSettings = {
				ARCHS = "$(ARCHS_STANDARD_INCLUDING_64_BIT)";
				BUNDLE_LOADER = "$(BUILT_PRODUCTS_DIR)/Casa.app/Casa";
				FRAMEWORK_SEARCH_PATHS = (
					"$(SDKROOT)/Developer/Library/Frameworks",
					"$(inherited)",
					"$(DEVELOPER_FRAMEWORKS_DIR)",
				);
				GCC_PRECOMPILE_PREFIX_HEADER = YES;
				GCC_PREFIX_HEADER = "Casa/Casa-Prefix.pch";
				GCC_PREPROCESSOR_DEFINITIONS = (
					"DEBUG=1",
					"$(inherited)",
				);
				INFOPLIST_FILE = "CasaTests/CasaTests-Info.plist";
				PRODUCT_NAME = "$(TARGET_NAME)";
				TEST_HOST = "$(BUNDLE_LOADER)";
				WRAPPER_EXTENSION = xctest;
			};
			name = Debug;
		};
		7EDA53C11893A0540050EF06 /* Release */ = {
			isa = XCBuildConfiguration;
			buildSettings = {
				ARCHS = "$(ARCHS_STANDARD_INCLUDING_64_BIT)";
				BUNDLE_LOADER = "$(BUILT_PRODUCTS_DIR)/Casa.app/Casa";
				FRAMEWORK_SEARCH_PATHS = (
					"$(SDKROOT)/Developer/Library/Frameworks",
					"$(inherited)",
					"$(DEVELOPER_FRAMEWORKS_DIR)",
				);
				GCC_PRECOMPILE_PREFIX_HEADER = YES;
				GCC_PREFIX_HEADER = "Casa/Casa-Prefix.pch";
				INFOPLIST_FILE = "CasaTests/CasaTests-Info.plist";
				PRODUCT_NAME = "$(TARGET_NAME)";
				TEST_HOST = "$(BUNDLE_LOADER)";
				WRAPPER_EXTENSION = xctest;
			};
			name = Release;
		};
/* End XCBuildConfiguration section */

/* Begin XCConfigurationList section */
		7EDA538B1893A0540050EF06 /* Build configuration list for PBXProject "Casa" */ = {
			isa = XCConfigurationList;
			buildConfigurations = (
				7EDA53BA1893A0540050EF06 /* Debug */,
				7EDA53BB1893A0540050EF06 /* Release */,
			);
			defaultConfigurationIsVisible = 0;
			defaultConfigurationName = Release;
		};
		7EDA53BC1893A0540050EF06 /* Build configuration list for PBXNativeTarget "Casa" */ = {
			isa = XCConfigurationList;
			buildConfigurations = (
				7EDA53BD1893A0540050EF06 /* Debug */,
				7EDA53BE1893A0540050EF06 /* Release */,
			);
			defaultConfigurationIsVisible = 0;
			defaultConfigurationName = Release;
		};
		7EDA53BF1893A0540050EF06 /* Build configuration list for PBXNativeTarget "CasaTests" */ = {
			isa = XCConfigurationList;
			buildConfigurations = (
				7EDA53C01893A0540050EF06 /* Debug */,
				7EDA53C11893A0540050EF06 /* Release */,
			);
			defaultConfigurationIsVisible = 0;
			defaultConfigurationName = Release;
		};
/* End XCConfigurationList section */
	};
	rootObject = 7EDA53881893A0540050EF06 /* Project object */;
}
